
Microsoft Visual Studio Solution File, Format Version 12.00
# Visual Studio 15
VisualStudioVersion = 15.0.28307.1022
MinimumVisualStudioVersion = 10.0.40219.1
Project("{9A19103F-16F7-4668-BE54-9A1E7A4F7556}") = "Forum20", "Forum20\Forum20.csproj", "{5CAFDE2D-7722-45EA-BE1E-810039000F96}"
EndProject
Project("{9A19103F-16F7-4668-BE54-9A1E7A4F7556}") = "Forum20.Data", "Forum20.Data\Forum20.Data.csproj", "{F66E108D-3E54-49A0-94AF-C63989B66A7A}"
EndProject
Project("{FAE04EC0-301F-11D3-BF4B-00C04F79EFBC}") = "Forum20.Service", "Forum20.Service\Forum20.Service.csproj", "{AEC3CCCC-2FAC-4A47-9AF7-D55545884F6B}"
EndProject
Global
	GlobalSection(SolutionConfigurationPlatforms) = preSolution
		Debug|Any CPU = Debug|Any CPU
		Release|Any CPU = Release|Any CPU
	EndGlobalSection
	GlobalSection(ProjectConfigurationPlatforms) = postSolution
		{5CAFDE2D-7722-45EA-BE1E-810039000F96}.Debug|Any CPU.ActiveCfg = Debug|Any CPU
		{5CAFDE2D-7722-45EA-BE1E-810039000F96}.Debug|Any CPU.Build.0 = Debug|Any CPU
		{5CAFDE2D-7722-45EA-BE1E-810039000F96}.Release|Any CPU.ActiveCfg = Release|Any CPU
		{5CAFDE2D-7722-45EA-BE1E-810039000F96}.Release|Any CPU.Build.0 = Release|Any CPU
		{F66E108D-3E54-49A0-94AF-C63989B66A7A}.Debug|Any CPU.ActiveCfg = Debug|Any CPU
		{F66E108D-3E54-49A0-94AF-C63989B66A7A}.Debug|Any CPU.Build.0 = Debug|Any CPU
		{F66E108D-3E54-49A0-94AF-C63989B66A7A}.Release|Any CPU.ActiveCfg = Release|Any CPU
		{F66E108D-3E54-49A0-94AF-C63989B66A7A}.Release|Any CPU.Build.0 = Release|Any CPU
		{AEC3CCCC-2FAC-4A47-9AF7-D55545884F6B}.Debug|Any CPU.ActiveCfg = Debug|Any CPU
		{AEC3CCCC-2FAC-4A47-9AF7-D55545884F6B}.Debug|Any CPU.Build.0 = Debug|Any CPU
		{AEC3CCCC-2FAC-4A47-9AF7-D55545884F6B}.Release|Any CPU.ActiveCfg = Release|Any CPU
		{AEC3CCCC-2FAC-4A47-9AF7-D55545884F6B}.Release|Any CPU.Build.0 = Release|Any CPU
	EndGlobalSection
	GlobalSection(SolutionProperties) = preSolution
		HideSolutionNode = FALSE
	EndGlobalSection
	GlobalSection(ExtensibilityGlobals) = postSolution
		SolutionGuid = {B030C452-9F1E-4EB2-86CD-73EF16DA7FCE}
	EndGlobalSection
EndGlobal
